
Microsoft Visual Studio Solution File, Format Version 12.00
# Visual Studio 15
VisualStudioVersion = 15.0.28307.136
MinimumVisualStudioVersion = 10.0.40219.1
Project("{FAE04EC0-301F-11D3-BF4B-00C04F79EFBC}") = "Senai.InLock.DatabaseFirst.WebApi.Tarde", "Senai.InLock.DatabaseFirst.WebApi.Tarde\Senai.InLock.DatabaseFirst.WebApi.Tarde.csproj", "{EB3A7B46-926D-450E-AD7B-0A56900606F9}"
EndProject
Global
	GlobalSection(SolutionConfigurationPlatforms) = preSolution
		Debug|Any CPU = Debug|Any CPU
		Release|Any CPU = Release|Any CPU
	EndGlobalSection
	GlobalSection(ProjectConfigurationPlatforms) = postSolution
		{EB3A7B46-926D-450E-AD7B-0A56900606F9}.Debug|Any CPU.ActiveCfg = Debug|Any CPU
		{EB3A7B46-926D-450E-AD7B-0A56900606F9}.Debug|Any CPU.Build.0 = Debug|Any CPU
		{EB3A7B46-926D-450E-AD7B-0A56900606F9}.Release|Any CPU.ActiveCfg = Release|Any CPU
		{EB3A7B46-926D-450E-AD7B-0A56900606F9}.Release|Any CPU.Build.0 = Release|Any CPU
	EndGlobalSection
	GlobalSection(SolutionProperties) = preSolution
		HideSolutionNode = FALSE
	EndGlobalSection
	GlobalSection(ExtensibilityGlobals) = postSolution
		SolutionGuid = {17E2B20D-2079-4CC5-8855-97794CB72E21}
	EndGlobalSection
EndGlobal
